PODS:
  - Braspag3Ds (1.0.15)

DEPENDENCIES:
  - Braspag3Ds (from `https://github.com/DeveloperCielo/3ds-ios.git`, tag `1.0.15`)

EXTERNAL SOURCES:
  Braspag3Ds:
    :git: https://github.com/DeveloperCielo/3ds-ios.git
    :tag: 1.0.15

CHECKOUT OPTIONS:
  Braspag3Ds:
    :git: https://github.com/DeveloperCielo/3ds-ios.git
    :tag: 1.0.15

SPEC CHECKSUMS:
  Braspag3Ds: 44247fae0e0897d2d60ae5b928bfab479bfb0258

PODFILE CHECKSUM: 7c498298a23cc5a4e49c60dad327fae481c1be37

COCOAPODS: 1.11.2
